{
  "pins" : [
    {
      "identity" : "onnxruntime-swift-package-manager",
      "kind" : "remoteSourceControl",
      "location" : "https://github.com/microsoft/onnxruntime-swift-package-manager",
      "state" : {
        "branch" : "cdaadfe",
        "revision" : "cdaadfe0c3497091831c12297a0445e7d081a34e"
      }
    }
  ],
  "version" : 2
}
